
Microsoft Visual Studio Solution File, Format Version 12.00
# Visual Studio Version 16
VisualStudioVersion = 16.0.30413.136
MinimumVisualStudioVersion = 10.0.40219.1
Project("{FAE04EC0-301F-11D3-BF4B-00C04F79EFBC}") = "wcfemplib", "wcfemplib\wcfemplib.csproj", "{FE36259D-5F4E-4094-A097-744923A49A5A}"
EndProject
Project("{FAE04EC0-301F-11D3-BF4B-00C04F79EFBC}") = "WcfConsoleHost", "WcfConsoleHost\WcfConsoleHost.csproj", "{B32F7CEB-1996-4BF6-8D36-061233E5E94E}"
EndProject
Project("{FAE04EC0-301F-11D3-BF4B-00C04F79EFBC}") = "WCFwebclient", "WCFwebclient\WCFwebclient.csproj", "{8EB54E51-D08C-473D-97F6-5CD35185980C}"
	ProjectSection(ProjectDependencies) = postProject
		{FE36259D-5F4E-4094-A097-744923A49A5A} = {FE36259D-5F4E-4094-A097-744923A49A5A}
	EndProjectSection
EndProject
Global
	GlobalSection(SolutionConfigurationPlatforms) = preSolution
		Debug|Any CPU = Debug|Any CPU
		Release|Any CPU = Release|Any CPU
	EndGlobalSection
	GlobalSection(ProjectConfigurationPlatforms) = postSolution
		{FE36259D-5F4E-4094-A097-744923A49A5A}.Debug|Any CPU.ActiveCfg = Debug|Any CPU
		{FE36259D-5F4E-4094-A097-744923A49A5A}.Debug|Any CPU.Build.0 = Debug|Any CPU
		{FE36259D-5F4E-4094-A097-744923A49A5A}.Release|Any CPU.ActiveCfg = Release|Any CPU
		{FE36259D-5F4E-4094-A097-744923A49A5A}.Release|Any CPU.Build.0 = Release|Any CPU
		{B32F7CEB-1996-4BF6-8D36-061233E5E94E}.Debug|Any CPU.ActiveCfg = Debug|Any CPU
		{B32F7CEB-1996-4BF6-8D36-061233E5E94E}.Debug|Any CPU.Build.0 = Debug|Any CPU
		{B32F7CEB-1996-4BF6-8D36-061233E5E94E}.Release|Any CPU.ActiveCfg = Release|Any CPU
		{B32F7CEB-1996-4BF6-8D36-061233E5E94E}.Release|Any CPU.Build.0 = Release|Any CPU
		{8EB54E51-D08C-473D-97F6-5CD35185980C}.Debug|Any CPU.ActiveCfg = Debug|Any CPU
		{8EB54E51-D08C-473D-97F6-5CD35185980C}.Debug|Any CPU.Build.0 = Debug|Any CPU
		{8EB54E51-D08C-473D-97F6-5CD35185980C}.Release|Any CPU.ActiveCfg = Release|Any CPU
		{8EB54E51-D08C-473D-97F6-5CD35185980C}.Release|Any CPU.Build.0 = Release|Any CPU
	EndGlobalSection
	GlobalSection(SolutionProperties) = preSolution
		HideSolutionNode = FALSE
	EndGlobalSection
	GlobalSection(ExtensibilityGlobals) = postSolution
		SolutionGuid = {B727B848-DBB4-4C29-925A-1F5E02B92A21}
	EndGlobalSection
EndGlobal
